
Microsoft Visual Studio Solution File, Format Version 12.00
# Visual Studio Version 17
VisualStudioVersion = 17.0.31903.59
MinimumVisualStudioVersion = 10.0.40219.1
Project("{2150E333-8FDC-42A3-9474-1A3956D46DE8}") = "Fontend", "Fontend", "{CDF34110-0572-4C15-8D64-B9D8BE43D4C7}"
EndProject
Project("{2150E333-8FDC-42A3-9474-1A3956D46DE8}") = "ApiGateway", "ApiGateway", "{793DA6A7-0A01-4B07-BA4D-7EF4677A10EE}"
EndProject
Project("{2150E333-8FDC-42A3-9474-1A3956D46DE8}") = "ProductService", "ProductService", "{E07CAC44-241C-4C82-B9A6-7CFBF9F5EB03}"
EndProject
Project("{2150E333-8FDC-42A3-9474-1A3956D46DE8}") = "OrderService", "OrderService", "{1B84D0DB-49C7-4332-AAF4-7BD2BE107B43}"
EndProject
Project("{2150E333-8FDC-42A3-9474-1A3956D46DE8}") = "BasketService", "BasketService", "{10290C8D-2D9D-4AF9-B02A-F49B9A3F07A1}"
EndProject
Project("{2150E333-8FDC-42A3-9474-1A3956D46DE8}") = "AuthService", "AuthService", "{76E28ABC-C1E7-4396-B2F9-86118A8007B3}"
EndProject
Project("{FAE04EC0-301F-11D3-BF4B-00C04F79EFBC}") = "RubberDuckShop.ProductService.API", "RubberDuckShop.ProductService.API\RubberDuckShop.ProductService.API.csproj", "{65F57E30-1B71-4DD5-B23E-EF1163AD310A}"
EndProject
Project("{FAE04EC0-301F-11D3-BF4B-00C04F79EFBC}") = "RubberDuckShop.ProductService.Application", "RubberDuckShop.ProductService.Application\RubberDuckShop.ProductService.Application.csproj", "{0FFD869C-A87B-4D26-88C3-6AFFAD099BAD}"
EndProject
Project("{FAE04EC0-301F-11D3-BF4B-00C04F79EFBC}") = "RubberDuckShop.ProductService.Domain", "RubberDuckShop.ProductService.Domain\RubberDuckShop.ProductService.Domain.csproj", "{BB2C6F31-A989-4806-8557-B042D717B912}"
EndProject
Project("{FAE04EC0-301F-11D3-BF4B-00C04F79EFBC}") = "RubberDuckShop.ProductService.Infrastructure", "RubberDuckShop.ProductService.Infrastructure\RubberDuckShop.ProductService.Infrastructure.csproj", "{95A7C050-F7F2-48C2-9026-4ECC8F6143D3}"
EndProject
Global
	GlobalSection(SolutionConfigurationPlatforms) = preSolution
		Debug|Any CPU = Debug|Any CPU
		Release|Any CPU = Release|Any CPU
	EndGlobalSection
	GlobalSection(ProjectConfigurationPlatforms) = postSolution
		{65F57E30-1B71-4DD5-B23E-EF1163AD310A}.Debug|Any CPU.ActiveCfg = Debug|Any CPU
		{65F57E30-1B71-4DD5-B23E-EF1163AD310A}.Debug|Any CPU.Build.0 = Debug|Any CPU
		{65F57E30-1B71-4DD5-B23E-EF1163AD310A}.Release|Any CPU.ActiveCfg = Release|Any CPU
		{65F57E30-1B71-4DD5-B23E-EF1163AD310A}.Release|Any CPU.Build.0 = Release|Any CPU
		{0FFD869C-A87B-4D26-88C3-6AFFAD099BAD}.Debug|Any CPU.ActiveCfg = Debug|Any CPU
		{0FFD869C-A87B-4D26-88C3-6AFFAD099BAD}.Debug|Any CPU.Build.0 = Debug|Any CPU
		{0FFD869C-A87B-4D26-88C3-6AFFAD099BAD}.Release|Any CPU.ActiveCfg = Release|Any CPU
		{0FFD869C-A87B-4D26-88C3-6AFFAD099BAD}.Release|Any CPU.Build.0 = Release|Any CPU
		{BB2C6F31-A989-4806-8557-B042D717B912}.Debug|Any CPU.ActiveCfg = Debug|Any CPU
		{BB2C6F31-A989-4806-8557-B042D717B912}.Debug|Any CPU.Build.0 = Debug|Any CPU
		{BB2C6F31-A989-4806-8557-B042D717B912}.Release|Any CPU.ActiveCfg = Release|Any CPU
		{BB2C6F31-A989-4806-8557-B042D717B912}.Release|Any CPU.Build.0 = Release|Any CPU
		{95A7C050-F7F2-48C2-9026-4ECC8F6143D3}.Debug|Any CPU.ActiveCfg = Debug|Any CPU
		{95A7C050-F7F2-48C2-9026-4ECC8F6143D3}.Debug|Any CPU.Build.0 = Debug|Any CPU
		{95A7C050-F7F2-48C2-9026-4ECC8F6143D3}.Release|Any CPU.ActiveCfg = Release|Any CPU
		{95A7C050-F7F2-48C2-9026-4ECC8F6143D3}.Release|Any CPU.Build.0 = Release|Any CPU
	EndGlobalSection
	GlobalSection(SolutionProperties) = preSolution
		HideSolutionNode = FALSE
	EndGlobalSection
	GlobalSection(NestedProjects) = preSolution
		{65F57E30-1B71-4DD5-B23E-EF1163AD310A} = {E07CAC44-241C-4C82-B9A6-7CFBF9F5EB03}
		{0FFD869C-A87B-4D26-88C3-6AFFAD099BAD} = {E07CAC44-241C-4C82-B9A6-7CFBF9F5EB03}
		{BB2C6F31-A989-4806-8557-B042D717B912} = {E07CAC44-241C-4C82-B9A6-7CFBF9F5EB03}
		{95A7C050-F7F2-48C2-9026-4ECC8F6143D3} = {E07CAC44-241C-4C82-B9A6-7CFBF9F5EB03}
	EndGlobalSection
	GlobalSection(ExtensibilityGlobals) = postSolution
		SolutionGuid = {734BF3A7-C9CD-42DB-B98F-B4241D94E9FD}
	EndGlobalSection
EndGlobal
